PODS:
  - Flutter (1.0.0)
  - firebase_core (10.0.0)

DEPENDENCIES:
  - Flutter
  - firebase_core

SPEC CHECKSUMS:
  Flutter: deadbeefcafebabe1234567890abcdef1234567890abcdef1234567890abcdef
  firebase_core: cafebabe1234567890abcdefdeadbeefcafebabe1234567890abcdef12345678

PODFILE CHECKSUM: 0000000000000000000000000000000000000000

COCOAPODS: 1.15.0
